
Microsoft Visual Studio Solution File, Format Version 12.00
# Visual Studio Version 16
VisualStudioVersion = 16.0.29001.49
MinimumVisualStudioVersion = 10.0.40219.1
Project("{FAE04EC0-301F-11D3-BF4B-00C04F79EFBC}") = "Consultorio", "Consultorio\Consultorio.csproj", "{D6FD1546-D6E3-4551-8306-33FC5BE8350A}"
EndProject
Global
	GlobalSection(SolutionConfigurationPlatforms) = preSolution
		Debug|Any CPU = Debug|Any CPU
		Release|Any CPU = Release|Any CPU
	EndGlobalSection
	GlobalSection(ProjectConfigurationPlatforms) = postSolution
		{D6FD1546-D6E3-4551-8306-33FC5BE8350A}.Debug|Any CPU.ActiveCfg = Debug|Any CPU
		{D6FD1546-D6E3-4551-8306-33FC5BE8350A}.Debug|Any CPU.Build.0 = Debug|Any CPU
		{D6FD1546-D6E3-4551-8306-33FC5BE8350A}.Release|Any CPU.ActiveCfg = Release|Any CPU
		{D6FD1546-D6E3-4551-8306-33FC5BE8350A}.Release|Any CPU.Build.0 = Release|Any CPU
	EndGlobalSection
	GlobalSection(SolutionProperties) = preSolution
		HideSolutionNode = FALSE
	EndGlobalSection
	GlobalSection(ExtensibilityGlobals) = postSolution
		SolutionGuid = {8DB73D1B-91FC-47E3-9D7C-F42C53A11C09}
	EndGlobalSection
EndGlobal
